
Microsoft Visual Studio Solution File, Format Version 12.00
# Visual Studio Version 16
VisualStudioVersion = 16.0.30717.126
MinimumVisualStudioVersion = 10.0.40219.1
Project("{FAE04EC0-301F-11D3-BF4B-00C04F79EFBC}") = "Boook", "Boook.csproj", "{0F356FF8-7364-4BAC-AA96-00F1C19E8E77}"
EndProject
Global
	GlobalSection(SolutionConfigurationPlatforms) = preSolution
		Debug|Any CPU = Debug|Any CPU
		Release|Any CPU = Release|Any CPU
	EndGlobalSection
	GlobalSection(ProjectConfigurationPlatforms) = postSolution
		{0F356FF8-7364-4BAC-AA96-00F1C19E8E77}.Debug|Any CPU.ActiveCfg = Debug|Any CPU
		{0F356FF8-7364-4BAC-AA96-00F1C19E8E77}.Debug|Any CPU.Build.0 = Debug|Any CPU
		{0F356FF8-7364-4BAC-AA96-00F1C19E8E77}.Release|Any CPU.ActiveCfg = Release|Any CPU
		{0F356FF8-7364-4BAC-AA96-00F1C19E8E77}.Release|Any CPU.Build.0 = Release|Any CPU
	EndGlobalSection
	GlobalSection(SolutionProperties) = preSolution
		HideSolutionNode = FALSE
	EndGlobalSection
	GlobalSection(ExtensibilityGlobals) = postSolution
		SolutionGuid = {2C9CA715-4366-43E4-B3E6-DB4A0F7EB83B}
	EndGlobalSection
EndGlobal
